// !$*UTF8*$!
{
	archiveVersion = 1;
	classes = {
	};
	objectVersion = 50;
	objects = {

/* Begin PBXBuildFile section */
		BBC711C02460ABAB00274BB7 /* AppDelegate.swift in Sources */ = {isa = PBXBuildFile; fileRef = BBC711BF2460ABAB00274BB7 /* AppDelegate.swift */; };
		BBC711C22460ABAB00274BB7 /* SceneDelegate.swift in Sources */ = {isa = PBXBuildFile; fileRef = BBC711C12460ABAB00274BB7 /* SceneDelegate.swift */; };
		BBC711C52460ABAB00274BB7 /* Graph_Tester.xcdatamodeld in Sources */ = {isa = PBXBuildFile; fileRef = BBC711C32460ABAB00274BB7 /* Graph_Tester.xcdatamodeld */; };
		BBC711C72460ABAB00274BB7 /* ContentView.swift in Sources */ = {isa = PBXBuildFile; fileRef = BBC711C62460ABAB00274BB7 /* ContentView.swift */; };
		BBC711C92460ABAE00274BB7 /* Assets.xcassets in Resources */ = {isa = PBXBuildFile; fileRef = BBC711C82460ABAE00274BB7 /* Assets.xcassets */; };
		BBC711CC2460ABAE00274BB7 /* Preview Assets.xcassets in Resources */ = {isa = PBXBuildFile; fileRef = BBC711CB2460ABAE00274BB7 /* Preview Assets.xcassets */; };
		BBC711CF2460ABAE00274BB7 /* LaunchScreen.storyboard in Resources */ = {isa = PBXBuildFile; fileRef = BBC711CD2460ABAE00274BB7 /* LaunchScreen.storyboard */; };
/* End PBXBuildFile section */

/* Begin PBXFileReference section */
		BBC711BC2460ABAB00274BB7 /* Graph Tester.app */ = {isa = PBXFileReference; explicitFileType = wrapper.application; includeInIndex = 0; path = "Graph Tester.app"; sourceTree = BUILT_PRODUCTS_DIR; };
		BBC711BF2460ABAB00274BB7 /* AppDelegate.swift */ = {isa = PBXFileReference; lastKnownFileType = sourcecode.swift; path = AppDelegate.swift; sourceTree = "<group>"; };
		BBC711C12460ABAB00274BB7 /* SceneDelegate.swift */ = {isa = PBXFileReference; lastKnownFileType = sourcecode.swift; path = SceneDelegate.swift; sourceTree = "<group>"; };
		BBC711C42460ABAB00274BB7 /* Graph_Tester.xcdatamodel */ = {isa = PBXFileReference; lastKnownFileType = wrapper.xcdatamodel; path = Graph_Tester.xcdatamodel; sourceTree = "<group>"; };
		BBC711C62460ABAB00274BB7 /* ContentView.swift */ = {isa = PBXFileReference; lastKnownFileType = sourcecode.swift; path = ContentView.swift; sourceTree = "<group>"; };
		BBC711C82460ABAE00274BB7 /* Assets.xcassets */ = {isa = PBXFileReference; lastKnownFileType = folder.assetcatalog; path = Assets.xcassets; sourceTree = "<group>"; };
		BBC711CB2460ABAE00274BB7 /* Preview Assets.xcassets */ = {isa = PBXFileReference; lastKnownFileType = folder.assetcatalog; path = "Preview Assets.xcassets"; sourceTree = "<group>"; };
		BBC711CE2460ABAE00274BB7 /* Base */ = {isa = PBXFileReference; lastKnownFileType = file.storyboard; name = Base; path = Base.lproj/LaunchScreen.storyboard; sourceTree = "<group>"; };
		BBC711D02460ABAE00274BB7 /* Info.plist */ = {isa = PBXFileReference; lastKnownFileType = text.plist.xml; path = Info.plist; sourceTree = "<group>"; };
/* End PBXFileReference section */

/* Begin PBXFrameworksBuildPhase section */
		BBC711B92460ABAB00274BB7 /* Frameworks */ = {
			isa = PBXFrameworksBuildPhase;
			buildActionMask = 2147483647;
			files = (
			);
			runOnlyForDeploymentPostprocessing = 0;
		};
/* End PBXFrameworksBuildPhase section */

/* Begin PBXGroup section */
		BBC711B32460ABAB00274BB7 = {
			isa = PBXGroup;
			children = (
				BBC711BE2460ABAB00274BB7 /* Graph Tester */,
				BBC711BD2460ABAB00274BB7 /* Products */,
			);
			sourceTree = "<group>";
		};
		BBC711BD2460ABAB00274BB7 /* Products */ = {
			isa = PBXGroup;
			children = (
				BBC711BC2460ABAB00274BB7 /* Graph Tester.app */,
			);
			name = Products;
			sourceTree = "<group>";
		};
		BBC711BE2460ABAB00274BB7 /* Graph Tester */ = {
			isa = PBXGroup;
			children = (
				BBC711BF2460ABAB00274BB7 /* AppDelegate.swift */,
				BBC711C12460ABAB00274BB7 /* SceneDelegate.swift */,
				BBC711C62460ABAB00274BB7 /* ContentView.swift */,
				BBC711C82460ABAE00274BB7 /* Assets.xcassets */,
				BBC711CD2460ABAE00274BB7 /* LaunchScreen.storyboard */,
				BBC711D02460ABAE00274BB7 /* Info.plist */,
				BBC711C32460ABAB00274BB7 /* Graph_Tester.xcdatamodeld */,
				BBC711CA2460ABAE00274BB7 /* Preview Content */,
			);
			path = "Graph Tester";
			sourceTree = "<group>";
		};
		BBC711CA2460ABAE00274BB7 /* Preview Content */ = {
			isa = PBXGroup;
			children = (
				BBC711CB2460ABAE00274BB7 /* Preview Assets.xcassets */,
			);
			path = "Preview Content";
			sourceTree = "<group>";
		};
/* End PBXGroup section */

/* Begin PBXNativeTarget section */
		BBC711BB2460ABAB00274BB7 /* Graph Tester */ = {
			isa = PBXNativeTarget;
			buildConfigurationList = BBC711D32460ABAE00274BB7 /* Build configuration list for PBXNativeTarget "Graph Tester" */;
			buildPhases = (
				BBC711B82460ABAB00274BB7 /* Sources */,
				BBC711B92460ABAB00274BB7 /* Frameworks */,
				BBC711BA2460ABAB00274BB7 /* Resources */,
			);
			buildRules = (
			);
			dependencies = (
			);
			name = "Graph Tester";
			productName = "Graph Tester";
			productReference = BBC711BC2460ABAB00274BB7 /* Graph Tester.app */;
			productType = "com.apple.product-type.application";
		};
/* End PBXNativeTarget section */

/* Begin PBXProject section */
		BBC711B42460ABAB00274BB7 /* Project object */ = {
			isa = PBXProject;
			attributes = {
				LastSwiftUpdateCheck = 1140;
				LastUpgradeCheck = 1140;
				ORGANIZATIONNAME = "Malcom Jones";
				TargetAttributes = {
					BBC711BB2460ABAB00274BB7 = {
						CreatedOnToolsVersion = 11.4.1;
					};
				};
			};
			buildConfigurationList = BBC711B72460ABAB00274BB7 /* Build configuration list for PBXProject "Graph Tester" */;
			compatibilityVersion = "Xcode 9.3";
			developmentRegion = en;
			hasScannedForEncodings = 0;
			knownRegions = (
				en,
				Base,
			);
			mainGroup = BBC711B32460ABAB00274BB7;
			productRefGroup = BBC711BD2460ABAB00274BB7 /* Products */;
			projectDirPath = "";
			projectRoot = "";
			targets = (
				BBC711BB2460ABAB00274BB7 /* Graph Tester */,
			);
		};
/* End PBXProject section */

/* Begin PBXResourcesBuildPhase section */
		BBC711BA2460ABAB00274BB7 /* Resources */ = {
			isa = PBXResourcesBuildPhase;
			buildActionMask = 2147483647;
			files = (
				BBC711CF2460ABAE00274BB7 /* LaunchScreen.storyboard in Resources */,
				BBC711CC2460ABAE00274BB7 /* Preview Assets.xcassets in Resources */,
				BBC711C92460ABAE00274BB7 /* Assets.xcassets in Resources */,
			);
			runOnlyForDeploymentPostprocessing = 0;
		};
/* End PBXResourcesBuildPhase section */

/* Begin PBXSourcesBuildPhase section */
		BBC711B82460ABAB00274BB7 /* Sources */ = {
			isa = PBXSourcesBuildPhase;
			buildActionMask = 2147483647;
			files = (
				BBC711C52460ABAB00274BB7 /* Graph_Tester.xcdatamodeld in Sources */,
				BBC711C02460ABAB00274BB7 /* AppDelegate.swift in Sources */,
				BBC711C72460ABAB00274BB7 /* ContentView.swift in Sources */,
				BBC711C22460ABAB00274BB7 /* SceneDelegate.swift in Sources */,
			);
			runOnlyForDeploymentPostprocessing = 0;
		};
/* End PBXSourcesBuildPhase section */

/* Begin PBXVariantGroup section */
		BBC711CD2460ABAE00274BB7 /* LaunchScreen.storyboard */ = {
			isa = PBXVariantGroup;
			children = (
				BBC711CE2460ABAE00274BB7 /* Base */,
			);
			name = LaunchScreen.storyboard;
			sourceTree = "<group>";
		};
/* End PBXVariantGroup section */

/* Begin XCBuildConfiguration section */
		BBC711D12460ABAE00274BB7 /* Debug */ = {
			isa = XCBuildConfiguration;
			buildSettings = {
				ALWAYS_SEARCH_USER_PATHS = NO;
				CLANG_ANALYZER_NONNULL = YES;
				CLANG_ANALYZER_NUMBER_OBJECT_CONVERSION = YES_AGGRESSIVE;
				CLANG_CXX_LANGUAGE_STANDARD = "gnu++14";
				CLANG_CXX_LIBRARY = "libc++";
				CLANG_ENABLE_MODULES = YES;
				CLANG_ENABLE_OBJC_ARC = YES;
				CLANG_ENABLE_OBJC_WEAK = YES;
				CLANG_WARN_BLOCK_CAPTURE_AUTORELEASING = YES;
				CLANG_WARN_BOOL_CONVERSION = YES;
				CLANG_WARN_COMMA = YES;
				CLANG_WARN_CONSTANT_CONVERSION = YES;
				CLANG_WARN_DEPRECATED_OBJC_IMPLEMENTATIONS = YES;
				CLANG_WARN_DIRECT_OBJC_ISA_USAGE = YES_ERROR;
				CLANG_WARN_DOCUMENTATION_COMMENTS = YES;
				CLANG_WARN_EMPTY_BODY = YES;
				CLANG_WARN_ENUM_CONVERSION = YES;
				CLANG_WARN_INFINITE_RECURSION = YES;
				CLANG_WARN_INT_CONVERSION = YES;
				CLANG_WARN_NON_LITERAL_NULL_CONVERSION = YES;
				CLANG_WARN_OBJC_IMPLICIT_RETAIN_SELF = YES;
				CLANG_WARN_OBJC_LITERAL_CONVERSION = YES;
				CLANG_WARN_OBJC_ROOT_CLASS = YES_ERROR;
				CLANG_WARN_RANGE_LOOP_ANALYSIS = YES;
				CLANG_WARN_STRICT_PROTOTYPES = YES;
				CLANG_WARN_SUSPICIOUS_MOVE = YES;
				CLANG_WARN_UNGUARDED_AVAILABILITY = YES_AGGRESSIVE;
				CLANG_WARN_UNREACHABLE_CODE = YES;
				CLANG_WARN__DUPLICATE_METHOD_MATCH = YES;
				COPY_PHASE_STRIP = NO;
				DEBUG_INFORMATION_FORMAT = dwarf;
				ENABLE_STRICT_OBJC_MSGSEND = YES;
				ENABLE_TESTABILITY = YES;
				GCC_C_LANGUAGE_STANDARD = gnu11;
				GCC_DYNAMIC_NO_PIC = NO;
				GCC_NO_COMMON_BLOCKS = YES;
				GCC_OPTIMIZATION_LEVEL = 0;
				GCC_PREPROCESSOR_DEFINITIONS = (
					"DEBUG=1",
					"$(inherited)",
				);
				GCC_WARN_64_TO_32_BIT_CONVERSION = YES;
				GCC_WARN_ABOUT_RETURN_TYPE = YES_ERROR;
				GCC_WARN_UNDECLARED_SELECTOR = YES;
				GCC_WARN_UNINITIALIZED_AUTOS = YES_AGGRESSIVE;
				GCC_WARN_UNUSED_FUNCTION = YES;
				GCC_WARN_UNUSED_VARIABLE = YES;
				IPHONEOS_DEPLOYMENT_TARGET = 13.4;
				MTL_ENABLE_DEBUG_INFO = INCLUDE_SOURCE;
				MTL_FAST_MATH = YES;
				ONLY_ACTIVE_ARCH = YES;
				SDKROOT = iphoneos;
				SWIFT_ACTIVE_COMPILATION_CONDITIONS = DEBUG;
				SWIFT_OPTIMIZATION_LEVEL = "-Onone";
			};
			name = Debug;
		};
		BBC711D22460ABAE00274BB7 /* Release */ = {
			isa = XCBuildConfiguration;
			buildSettings = {
				ALWAYS_SEARCH_USER_PATHS = NO;
				CLANG_ANALYZER_NONNULL = YES;
				CLANG_ANALYZER_NUMBER_OBJECT_CONVERSION = YES_AGGRESSIVE;
				CLANG_CXX_LANGUAGE_STANDARD = "gnu++14";
				CLANG_CXX_LIBRARY = "libc++";
				CLANG_ENABLE_MODULES = YES;
				CLANG_ENABLE_OBJC_ARC = YES;
				CLANG_ENABLE_OBJC_WEAK = YES;
				CLANG_WARN_BLOCK_CAPTURE_AUTORELEASING = YES;
				CLANG_WARN_BOOL_CONVERSION = YES;
				CLANG_WARN_COMMA = YES;
				CLANG_WARN_CONSTANT_CONVERSION = YES;
				CLANG_WARN_DEPRECATED_OBJC_IMPLEMENTATIONS = YES;
				CLANG_WARN_DIRECT_OBJC_ISA_USAGE = YES_ERROR;
				CLANG_WARN_DOCUMENTATION_COMMENTS = YES;
				CLANG_WARN_EMPTY_BODY = YES;
				CLANG_WARN_ENUM_CONVERSION = YES;
				CLANG_WARN_INFINITE_RECURSION = YES;
				CLANG_WARN_INT_CONVERSION = YES;
				CLANG_WARN_NON_LITERAL_NULL_CONVERSION = YES;
				CLANG_WARN_OBJC_IMPLICIT_RETAIN_SELF = YES;
				CLANG_WARN_OBJC_LITERAL_CONVERSION = YES;
				CLANG_WARN_OBJC_ROOT_CLASS = YES_ERROR;
				CLANG_WARN_RANGE_LOOP_ANALYSIS = YES;
				CLANG_WARN_STRICT_PROTOTYPES = YES;
				CLANG_WARN_SUSPICIOUS_MOVE = YES;
				CLANG_WARN_UNGUARDED_AVAILABILITY = YES_AGGRESSIVE;
				CLANG_WARN_UNREACHABLE_CODE = YES;
				CLANG_WARN__DUPLICATE_METHOD_MATCH = YES;
				COPY_PHASE_STRIP = NO;
				DEBUG_INFORMATION_FORMAT = "dwarf-with-dsym";
				ENABLE_NS_ASSERTIONS = NO;
				ENABLE_STRICT_OBJC_MSGSEND = YES;
				GCC_C_LANGUAGE_STANDARD = gnu11;
				GCC_NO_COMMON_BLOCKS = YES;
				GCC_WARN_64_TO_32_BIT_CONVERSION = YES;
				GCC_WARN_ABOUT_RETURN_TYPE = YES_ERROR;
				GCC_WARN_UNDECLARED_SELECTOR = YES;
				GCC_WARN_UNINITIALIZED_AUTOS = YES_AGGRESSIVE;
				GCC_WARN_UNUSED_FUNCTION = YES;
				GCC_WARN_UNUSED_VARIABLE = YES;
				IPHONEOS_DEPLOYMENT_TARGET = 13.4;
				MTL_ENABLE_DEBUG_INFO = NO;
				MTL_FAST_MATH = YES;
				SDKROOT = iphoneos;
				SWIFT_COMPILATION_MODE = wholemodule;
				SWIFT_OPTIMIZATION_LEVEL = "-O";
				VALIDATE_PRODUCT = YES;
			};
			name = Release;
		};
		BBC711D42460ABAE00274BB7 /* Debug */ = {
			isa = XCBuildConfiguration;
			buildSettings = {
				ASSETCATALOG_COMPILER_APPICON_NAME = AppIcon;
				CODE_SIGN_STYLE = Automatic;
				DEVELOPMENT_ASSET_PATHS = "\"Graph Tester/Preview Content\"";
				DEVELOPMENT_TEAM = DS9LN4472U;
				ENABLE_PREVIEWS = YES;
				INFOPLIST_FILE = "Graph Tester/Info.plist";
				LD_RUNPATH_SEARCH_PATHS = (
					"$(inherited)",
					"@executable_path/Frameworks",
				);
				PRODUCT_BUNDLE_IDENTIFIER = "com.malcomjones.graphtester.Graph-Tester";
				PRODUCT_NAME = "$(TARGET_NAME)";
				SWIFT_VERSION = 5.0;
				TARGETED_DEVICE_FAMILY = "1,2";
			};
			name = Debug;
		};
		BBC711D52460ABAE00274BB7 /* Release */ = {
			isa = XCBuildConfiguration;
			buildSettings = {
				ASSETCATALOG_COMPILER_APPICON_NAME = AppIcon;
				CODE_SIGN_STYLE = Automatic;
				DEVELOPMENT_ASSET_PATHS = "\"Graph Tester/Preview Content\"";
				DEVELOPMENT_TEAM = DS9LN4472U;
				ENABLE_PREVIEWS = YES;
				INFOPLIST_FILE = "Graph Tester/Info.plist";
				LD_RUNPATH_SEARCH_PATHS = (
					"$(inherited)",
					"@executable_path/Frameworks",
				);
				PRODUCT_BUNDLE_IDENTIFIER = "com.malcomjones.graphtester.Graph-Tester";
				PRODUCT_NAME = "$(TARGET_NAME)";
				SWIFT_VERSION = 5.0;
				TARGETED_DEVICE_FAMILY = "1,2";
			};
			name = Release;
		};
/* End XCBuildConfiguration section */

/* Begin XCConfigurationList section */
		BBC711B72460ABAB00274BB7 /* Build configuration list for PBXProject "Graph Tester" */ = {
			isa = XCConfigurationList;
			buildConfigurations = (
				BBC711D12460ABAE00274BB7 /* Debug */,
				BBC711D22460ABAE00274BB7 /* Release */,
			);
			defaultConfigurationIsVisible = 0;
			defaultConfigurationName = Release;
		};
		BBC711D32460ABAE00274BB7 /* Build configuration list for PBXNativeTarget "Graph Tester" */ = {
			isa = XCConfigurationList;
			buildConfigurations = (
				BBC711D42460ABAE00274BB7 /* Debug */,
				BBC711D52460ABAE00274BB7 /* Release */,
			);
			defaultConfigurationIsVisible = 0;
			defaultConfigurationName = Release;
		};
/* End XCConfigurationList section */

/* Begin XCVersionGroup section */
		BBC711C32460ABAB00274BB7 /* Graph_Tester.xcdatamodeld */ = {
			isa = XCVersionGroup;
			children = (
				BBC711C42460ABAB00274BB7 /* Graph_Tester.xcdatamodel */,
			);
			currentVersion = BBC711C42460ABAB00274BB7 /* Graph_Tester.xcdatamodel */;
			path = Graph_Tester.xcdatamodeld;
			sourceTree = "<group>";
			versionGroupType = wrapper.xcdatamodel;
		};
/* End XCVersionGroup section */
	};
	rootObject = BBC711B42460ABAB00274BB7 /* Project object */;
}
